// !$*UTF8*$!
{
	archiveVersion = 1;
	classes = {
	};
	objectVersion = 50;
	objects = {

/* Begin PBXBuildFile section */
		D8E830DB217BADCD00F01CCA /* AppDelegate.swift in Sources */ = {isa = PBXBuildFile; fileRef = D8E830DA217BADCD00F01CCA /* AppDelegate.swift */; };
		D8E830DD217BADCD00F01CCA /* art.scnassets in Resources */ = {isa = PBXBuildFile; fileRef = D8E830DC217BADCD00F01CCA /* art.scnassets */; };
		D8E830DF217BADCD00F01CCA /* ViewController.swift in Sources */ = {isa = PBXBuildFile; fileRef = D8E830DE217BADCD00F01CCA /* ViewController.swift */; };
		D8E830E2217BADCD00F01CCA /* Main.storyboard in Resources */ = {isa = PBXBuildFile; fileRef = D8E830E0217BADCD00F01CCA /* Main.storyboard */; };
		D8E830E4217BADCF00F01CCA /* Assets.xcassets in Resources */ = {isa = PBXBuildFile; fileRef = D8E830E3217BADCF00F01CCA /* Assets.xcassets */; };
		D8E830E7217BADCF00F01CCA /* LaunchScreen.storyboard in Resources */ = {isa = PBXBuildFile; fileRef = D8E830E5217BADCF00F01CCA /* LaunchScreen.storyboard */; };
		D8E830EF217BAF1300F01CCA /* SplashVC.swift in Sources */ = {isa = PBXBuildFile; fileRef = D8E830EE217BAF1300F01CCA /* SplashVC.swift */; };
		D9C2D82D0417126F424E980C /* Pods_cARt.framework in Frameworks */ = {isa = PBXBuildFile; fileRef = 32045F1FC2F2F2C82A51B93A /* Pods_cARt.framework */; };
/* End PBXBuildFile section */

/* Begin PBXFileReference section */
		32045F1FC2F2F2C82A51B93A /* Pods_cARt.framework */ = {isa = PBXFileReference; explicitFileType = wrapper.framework; includeInIndex = 0; path = Pods_cARt.framework; sourceTree = BUILT_PRODUCTS_DIR; };
		A02C2526E7E6A3905FE1681C /* Pods-cARt.release.xcconfig */ = {isa = PBXFileReference; includeInIndex = 1; lastKnownFileType = text.xcconfig; name = "Pods-cARt.release.xcconfig"; path = "Pods/Target Support Files/Pods-cARt/Pods-cARt.release.xcconfig"; sourceTree = "<group>"; };
		CED791F45143E8ED8324D900 /* Pods-cARt.debug.xcconfig */ = {isa = PBXFileReference; includeInIndex = 1; lastKnownFileType = text.xcconfig; name = "Pods-cARt.debug.xcconfig"; path = "Pods/Target Support Files/Pods-cARt/Pods-cARt.debug.xcconfig"; sourceTree = "<group>"; };
		D8E830D7217BADCD00F01CCA /* cARt.app */ = {isa = PBXFileReference; explicitFileType = wrapper.application; includeInIndex = 0; path = cARt.app; sourceTree = BUILT_PRODUCTS_DIR; };
		D8E830DA217BADCD00F01CCA /* AppDelegate.swift */ = {isa = PBXFileReference; lastKnownFileType = sourcecode.swift; path = AppDelegate.swift; sourceTree = "<group>"; };
		D8E830DC217BADCD00F01CCA /* art.scnassets */ = {isa = PBXFileReference; lastKnownFileType = wrapper.scnassets; path = art.scnassets; sourceTree = "<group>"; };
		D8E830DE217BADCD00F01CCA /* ViewController.swift */ = {isa = PBXFileReference; lastKnownFileType = sourcecode.swift; path = ViewController.swift; sourceTree = "<group>"; };
		D8E830E1217BADCD00F01CCA /* Base */ = {isa = PBXFileReference; lastKnownFileType = file.storyboard; name = Base; path = Base.lproj/Main.storyboard; sourceTree = "<group>"; };
		D8E830E3217BADCF00F01CCA /* Assets.xcassets */ = {isa = PBXFileReference; lastKnownFileType = folder.assetcatalog; path = Assets.xcassets; sourceTree = "<group>"; };
		D8E830E6217BADCF00F01CCA /* Base */ = {isa = PBXFileReference; lastKnownFileType = file.storyboard; name = Base; path = Base.lproj/LaunchScreen.storyboard; sourceTree = "<group>"; };
		D8E830E8217BADCF00F01CCA /* Info.plist */ = {isa = PBXFileReference; lastKnownFileType = text.plist.xml; path = Info.plist; sourceTree = "<group>"; };
		D8E830EE217BAF1300F01CCA /* SplashVC.swift */ = {isa = PBXFileReference; lastKnownFileType = sourcecode.swift; path = SplashVC.swift; sourceTree = "<group>"; };
/* End PBXFileReference section */

/* Begin PBXFrameworksBuildPhase section */
		D8E830D4217BADCD00F01CCA /* Frameworks */ = {
			isa = PBXFrameworksBuildPhase;
			buildActionMask = 2147483647;
			files = (
				D9C2D82D0417126F424E980C /* Pods_cARt.framework in Frameworks */,
			);
			runOnlyForDeploymentPostprocessing = 0;
		};
/* End PBXFrameworksBuildPhase section */

/* Begin PBXGroup section */
		AE36AB31F1A8592155F156C2 /* Frameworks */ = {
			isa = PBXGroup;
			children = (
				32045F1FC2F2F2C82A51B93A /* Pods_cARt.framework */,
			);
			name = Frameworks;
			sourceTree = "<group>";
		};
		D8E830CE217BADCD00F01CCA = {
			isa = PBXGroup;
			children = (
				D8E830D9217BADCD00F01CCA /* cARt */,
				D8E830D8217BADCD00F01CCA /* Products */,
				E93C3750C6655ABE129A7E6A /* Pods */,
				AE36AB31F1A8592155F156C2 /* Frameworks */,
			);
			sourceTree = "<group>";
		};
		D8E830D8217BADCD00F01CCA /* Products */ = {
			isa = PBXGroup;
			children = (
				D8E830D7217BADCD00F01CCA /* cARt.app */,
			);
			name = Products;
			sourceTree = "<group>";
		};
		D8E830D9217BADCD00F01CCA /* cARt */ = {
			isa = PBXGroup;
			children = (
				D8E830DA217BADCD00F01CCA /* AppDelegate.swift */,
				D8E830DC217BADCD00F01CCA /* art.scnassets */,
				D8E830DE217BADCD00F01CCA /* ViewController.swift */,
				D8E830EE217BAF1300F01CCA /* SplashVC.swift */,
				D8E830E0217BADCD00F01CCA /* Main.storyboard */,
				D8E830E3217BADCF00F01CCA /* Assets.xcassets */,
				D8E830E5217BADCF00F01CCA /* LaunchScreen.storyboard */,
				D8E830E8217BADCF00F01CCA /* Info.plist */,
			);
			path = cARt;
			sourceTree = "<group>";
		};
		E93C3750C6655ABE129A7E6A /* Pods */ = {
			isa = PBXGroup;
			children = (
				CED791F45143E8ED8324D900 /* Pods-cARt.debug.xcconfig */,
				A02C2526E7E6A3905FE1681C /* Pods-cARt.release.xcconfig */,
			);
			name = Pods;
			sourceTree = "<group>";
		};
/* End PBXGroup section */

/* Begin PBXNativeTarget section */
		D8E830D6217BADCD00F01CCA /* cARt */ = {
			isa = PBXNativeTarget;
			buildConfigurationList = D8E830EB217BADCF00F01CCA /* Build configuration list for PBXNativeTarget "cARt" */;
			buildPhases = (
				4A4AC2513193E69B6550113B /* [CP] Check Pods Manifest.lock */,
				D8E830D3217BADCD00F01CCA /* Sources */,
				D8E830D4217BADCD00F01CCA /* Frameworks */,
				D8E830D5217BADCD00F01CCA /* Resources */,
			);
			buildRules = (
			);
			dependencies = (
			);
			name = cARt;
			productName = cARt;
			productReference = D8E830D7217BADCD00F01CCA /* cARt.app */;
			productType = "com.apple.product-type.application";
		};
/* End PBXNativeTarget section */

/* Begin PBXProject section */
		D8E830CF217BADCD00F01CCA /* Project object */ = {
			isa = PBXProject;
			attributes = {
				LastSwiftUpdateCheck = 1000;
				LastUpgradeCheck = 1000;
				ORGANIZATIONNAME = "Edward Arenberg";
				TargetAttributes = {
					D8E830D6217BADCD00F01CCA = {
						CreatedOnToolsVersion = 10.0;
					};
				};
			};
			buildConfigurationList = D8E830D2217BADCD00F01CCA /* Build configuration list for PBXProject "cARt" */;
			compatibilityVersion = "Xcode 9.3";
			developmentRegion = en;
			hasScannedForEncodings = 0;
			knownRegions = (
				en,
				Base,
			);
			mainGroup = D8E830CE217BADCD00F01CCA;
			productRefGroup = D8E830D8217BADCD00F01CCA /* Products */;
			projectDirPath = "";
			projectRoot = "";
			targets = (
				D8E830D6217BADCD00F01CCA /* cARt */,
			);
		};
/* End PBXProject section */

/* Begin PBXResourcesBuildPhase section */
		D8E830D5217BADCD00F01CCA /* Resources */ = {
			isa = PBXResourcesBuildPhase;
			buildActionMask = 2147483647;
			files = (
				D8E830DD217BADCD00F01CCA /* art.scnassets in Resources */,
				D8E830E7217BADCF00F01CCA /* LaunchScreen.storyboard in Resources */,
				D8E830E4217BADCF00F01CCA /* Assets.xcassets in Resources */,
				D8E830E2217BADCD00F01CCA /* Main.storyboard in Resources */,
			);
			runOnlyForDeploymentPostprocessing = 0;
		};
/* End PBXResourcesBuildPhase section */

/* Begin PBXShellScriptBuildPhase section */
		4A4AC2513193E69B6550113B /* [CP] Check Pods Manifest.lock */ = {
			isa = PBXShellScriptBuildPhase;
			buildActionMask = 2147483647;
			files = (
			);
			inputPaths = (
				"${PODS_PODFILE_DIR_PATH}/Podfile.lock",
				"${PODS_ROOT}/Manifest.lock",
			);
			name = "[CP] Check Pods Manifest.lock";
			outputPaths = (
				"$(DERIVED_FILE_DIR)/Pods-cARt-checkManifestLockResult.txt",
			);
			runOnlyForDeploymentPostprocessing = 0;
			shellPath = /bin/sh;
			shellScript = "diff \"${PODS_PODFILE_DIR_PATH}/Podfile.lock\" \"${PODS_ROOT}/Manifest.lock\" > /dev/null\nif [ $? != 0 ] ; then\n    # print error to STDERR\n    echo \"error: The sandbox is not in sync with the Podfile.lock. Run 'pod install' or update your CocoaPods installation.\" >&2\n    exit 1\nfi\n# This output is used by Xcode 'outputs' to avoid re-running this script phase.\necho \"SUCCESS\" > \"${SCRIPT_OUTPUT_FILE_0}\"\n";
			showEnvVarsInLog = 0;
		};
/* End PBXShellScriptBuildPhase section */

/* Begin PBXSourcesBuildPhase section */
		D8E830D3217BADCD00F01CCA /* Sources */ = {
			isa = PBXSourcesBuildPhase;
			buildActionMask = 2147483647;
			files = (
				D8E830DF217BADCD00F01CCA /* ViewController.swift in Sources */,
				D8E830DB217BADCD00F01CCA /* AppDelegate.swift in Sources */,
				D8E830EF217BAF1300F01CCA /* SplashVC.swift in Sources */,
			);
			runOnlyForDeploymentPostprocessing = 0;
		};
/* End PBXSourcesBuildPhase section */

/* Begin PBXVariantGroup section */
		D8E830E0217BADCD00F01CCA /* Main.storyboard */ = {
			isa = PBXVariantGroup;
			children = (
				D8E830E1217BADCD00F01CCA /* Base */,
			);
			name = Main.storyboard;
			sourceTree = "<group>";
		};
		D8E830E5217BADCF00F01CCA /* LaunchScreen.storyboard */ = {
			isa = PBXVariantGroup;
			children = (
				D8E830E6217BADCF00F01CCA /* Base */,
			);
			name = LaunchScreen.storyboard;
			sourceTree = "<group>";
		};
/* End PBXVariantGroup section */

/* Begin XCBuildConfiguration section */
		D8E830E9217BADCF00F01CCA /* Debug */ = {
			isa = XCBuildConfiguration;
			buildSettings = {
				ALWAYS_SEARCH_USER_PATHS = NO;
				CLANG_ANALYZER_NONNULL = YES;
				CLANG_ANALYZER_NUMBER_OBJECT_CONVERSION = YES_AGGRESSIVE;
				CLANG_CXX_LANGUAGE_STANDARD = "gnu++14";
				CLANG_CXX_LIBRARY = "libc++";
				CLANG_ENABLE_MODULES = YES;
				CLANG_ENABLE_OBJC_ARC = YES;
				CLANG_ENABLE_OBJC_WEAK = YES;
				CLANG_WARN_BLOCK_CAPTURE_AUTORELEASING = YES;
				CLANG_WARN_BOOL_CONVERSION = YES;
				CLANG_WARN_COMMA = YES;
				CLANG_WARN_CONSTANT_CONVERSION = YES;
				CLANG_WARN_DEPRECATED_OBJC_IMPLEMENTATIONS = YES;
				CLANG_WARN_DIRECT_OBJC_ISA_USAGE = YES_ERROR;
				CLANG_WARN_DOCUMENTATION_COMMENTS = YES;
				CLANG_WARN_EMPTY_BODY = YES;
				CLANG_WARN_ENUM_CONVERSION = YES;
				CLANG_WARN_INFINITE_RECURSION = YES;
				CLANG_WARN_INT_CONVERSION = YES;
				CLANG_WARN_NON_LITERAL_NULL_CONVERSION = YES;
				CLANG_WARN_OBJC_IMPLICIT_RETAIN_SELF = YES;
				CLANG_WARN_OBJC_LITERAL_CONVERSION = YES;
				CLANG_WARN_OBJC_ROOT_CLASS = YES_ERROR;
				CLANG_WARN_RANGE_LOOP_ANALYSIS = YES;
				CLANG_WARN_STRICT_PROTOTYPES = YES;
				CLANG_WARN_SUSPICIOUS_MOVE = YES;
				CLANG_WARN_UNGUARDED_AVAILABILITY = YES_AGGRESSIVE;
				CLANG_WARN_UNREACHABLE_CODE = YES;
				CLANG_WARN__DUPLICATE_METHOD_MATCH = YES;
				CODE_SIGN_IDENTITY = "iPhone Developer";
				COPY_PHASE_STRIP = NO;
				DEBUG_INFORMATION_FORMAT = dwarf;
				ENABLE_STRICT_OBJC_MSGSEND = YES;
				ENABLE_TESTABILITY = YES;
				GCC_C_LANGUAGE_STANDARD = gnu11;
				GCC_DYNAMIC_NO_PIC = NO;
				GCC_NO_COMMON_BLOCKS = YES;
				GCC_OPTIMIZATION_LEVEL = 0;
				GCC_PREPROCESSOR_DEFINITIONS = (
					"DEBUG=1",
					"$(inherited)",
				);
				GCC_WARN_64_TO_32_BIT_CONVERSION = YES;
				GCC_WARN_ABOUT_RETURN_TYPE = YES_ERROR;
				GCC_WARN_UNDECLARED_SELECTOR = YES;
				GCC_WARN_UNINITIALIZED_AUTOS = YES_AGGRESSIVE;
				GCC_WARN_UNUSED_FUNCTION = YES;
				GCC_WARN_UNUSED_VARIABLE = YES;
				IPHONEOS_DEPLOYMENT_TARGET = 12.0;
				MTL_ENABLE_DEBUG_INFO = INCLUDE_SOURCE;
				MTL_FAST_MATH = YES;
				ONLY_ACTIVE_ARCH = YES;
				SDKROOT = iphoneos;
				SWIFT_ACTIVE_COMPILATION_CONDITIONS = DEBUG;
				SWIFT_OPTIMIZATION_LEVEL = "-Onone";
			};
			name = Debug;
		};
		D8E830EA217BADCF00F01CCA /* Release */ = {
			isa = XCBuildConfiguration;
			buildSettings = {
				ALWAYS_SEARCH_USER_PATHS = NO;
				CLANG_ANALYZER_NONNULL = YES;
				CLANG_ANALYZER_NUMBER_OBJECT_CONVERSION = YES_AGGRESSIVE;
				CLANG_CXX_LANGUAGE_STANDARD = "gnu++14";
				CLANG_CXX_LIBRARY = "libc++";
				CLANG_ENABLE_MODULES = YES;
				CLANG_ENABLE_OBJC_ARC = YES;
				CLANG_ENABLE_OBJC_WEAK = YES;
				CLANG_WARN_BLOCK_CAPTURE_AUTORELEASING = YES;
				CLANG_WARN_BOOL_CONVERSION = YES;
				CLANG_WARN_COMMA = YES;
				CLANG_WARN_CONSTANT_CONVERSION = YES;
				CLANG_WARN_DEPRECATED_OBJC_IMPLEMENTATIONS = YES;
				CLANG_WARN_DIRECT_OBJC_ISA_USAGE = YES_ERROR;
				CLANG_WARN_DOCUMENTATION_COMMENTS = YES;
				CLANG_WARN_EMPTY_BODY = YES;
				CLANG_WARN_ENUM_CONVERSION = YES;
				CLANG_WARN_INFINITE_RECURSION = YES;
				CLANG_WARN_INT_CONVERSION = YES;
				CLANG_WARN_NON_LITERAL_NULL_CONVERSION = YES;
				CLANG_WARN_OBJC_IMPLICIT_RETAIN_SELF = YES;
				CLANG_WARN_OBJC_LITERAL_CONVERSION = YES;
				CLANG_WARN_OBJC_ROOT_CLASS = YES_ERROR;
				CLANG_WARN_RANGE_LOOP_ANALYSIS = YES;
				CLANG_WARN_STRICT_PROTOTYPES = YES;
				CLANG_WARN_SUSPICIOUS_MOVE = YES;
				CLANG_WARN_UNGUARDED_AVAILABILITY = YES_AGGRESSIVE;
				CLANG_WARN_UNREACHABLE_CODE = YES;
				CLANG_WARN__DUPLICATE_METHOD_MATCH = YES;
				CODE_SIGN_IDENTITY = "iPhone Developer";
				COPY_PHASE_STRIP = NO;
				DEBUG_INFORMATION_FORMAT = "dwarf-with-dsym";
				ENABLE_NS_ASSERTIONS = NO;
				ENABLE_STRICT_OBJC_MSGSEND = YES;
				GCC_C_LANGUAGE_STANDARD = gnu11;
				GCC_NO_COMMON_BLOCKS = YES;
				GCC_WARN_64_TO_32_BIT_CONVERSION = YES;
				GCC_WARN_ABOUT_RETURN_TYPE = YES_ERROR;
				GCC_WARN_UNDECLARED_SELECTOR = YES;
				GCC_WARN_UNINITIALIZED_AUTOS = YES_AGGRESSIVE;
				GCC_WARN_UNUSED_FUNCTION = YES;
				GCC_WARN_UNUSED_VARIABLE = YES;
				IPHONEOS_DEPLOYMENT_TARGET = 12.0;
				MTL_ENABLE_DEBUG_INFO = NO;
				MTL_FAST_MATH = YES;
				SDKROOT = iphoneos;
				SWIFT_COMPILATION_MODE = wholemodule;
				SWIFT_OPTIMIZATION_LEVEL = "-O";
				VALIDATE_PRODUCT = YES;
			};
			name = Release;
		};
		D8E830EC217BADCF00F01CCA /* Debug */ = {
			isa = XCBuildConfiguration;
			baseConfigurationReference = CED791F45143E8ED8324D900 /* Pods-cARt.debug.xcconfig */;
			buildSettings = {
				ASSETCATALOG_COMPILER_APPICON_NAME = AppIcon;
				CODE_SIGN_STYLE = Automatic;
				DEVELOPMENT_TEAM = 2BY2NMR4CA;
				INFOPLIST_FILE = cARt/Info.plist;
				LD_RUNPATH_SEARCH_PATHS = (
					"$(inherited)",
					"@executable_path/Frameworks",
				);
				PRODUCT_BUNDLE_IDENTIFIER = com.epage.cARt;
				PRODUCT_NAME = "$(TARGET_NAME)";
				SWIFT_VERSION = 4.2;
				TARGETED_DEVICE_FAMILY = "1,2";
			};
			name = Debug;
		};
		D8E830ED217BADCF00F01CCA /* Release */ = {
			isa = XCBuildConfiguration;
			baseConfigurationReference = A02C2526E7E6A3905FE1681C /* Pods-cARt.release.xcconfig */;
			buildSettings = {
				ASSETCATALOG_COMPILER_APPICON_NAME = AppIcon;
				CODE_SIGN_STYLE = Automatic;
				DEVELOPMENT_TEAM = 2BY2NMR4CA;
				INFOPLIST_FILE = cARt/Info.plist;
				LD_RUNPATH_SEARCH_PATHS = (
					"$(inherited)",
					"@executable_path/Frameworks",
				);
				PRODUCT_BUNDLE_IDENTIFIER = com.epage.cARt;
				PRODUCT_NAME = "$(TARGET_NAME)";
				SWIFT_VERSION = 4.2;
				TARGETED_DEVICE_FAMILY = "1,2";
			};
			name = Release;
		};
/* End XCBuildConfiguration section */

/* Begin XCConfigurationList section */
		D8E830D2217BADCD00F01CCA /* Build configuration list for PBXProject "cARt" */ = {
			isa = XCConfigurationList;
			buildConfigurations = (
				D8E830E9217BADCF00F01CCA /* Debug */,
				D8E830EA217BADCF00F01CCA /* Release */,
			);
			defaultConfigurationIsVisible = 0;
			defaultConfigurationName = Release;
		};
		D8E830EB217BADCF00F01CCA /* Build configuration list for PBXNativeTarget "cARt" */ = {
			isa = XCConfigurationList;
			buildConfigurations = (
				D8E830EC217BADCF00F01CCA /* Debug */,
				D8E830ED217BADCF00F01CCA /* Release */,
			);
			defaultConfigurationIsVisible = 0;
			defaultConfigurationName = Release;
		};
/* End XCConfigurationList section */
	};
	rootObject = D8E830CF217BADCD00F01CCA /* Project object */;
}
